
Microsoft Visual Studio Solution File, Format Version 12.00
# Visual Studio 2013
VisualStudioVersion = 12.0.21005.1
MinimumVisualStudioVersion = 10.0.40219.1
Project("{FAE04EC0-301F-11D3-BF4B-00C04F79EFBC}") = "EQuipu", "EQuipu\EQuipu.csproj", "{F2F96FBB-08CD-443E-B1E9-D1CD75744867}"
	ProjectSection(ProjectDependencies) = postProject
		{B2613A65-D976-45DD-95C1-6D90CDBAE01A} = {B2613A65-D976-45DD-95C1-6D90CDBAE01A}
	EndProjectSection
EndProject
Project("{FAE04EC0-301F-11D3-BF4B-00C04F79EFBC}") = "EQuipuWCFLibrary", "EQuipuWCFLibrary\EQuipuWCFLibrary.csproj", "{B2613A65-D976-45DD-95C1-6D90CDBAE01A}"
EndProject
Global
	GlobalSection(SolutionConfigurationPlatforms) = preSolution
		Debug|Any CPU = Debug|Any CPU
		Release|Any CPU = Release|Any CPU
	EndGlobalSection
	GlobalSection(ProjectConfigurationPlatforms) = postSolution
		{F2F96FBB-08CD-443E-B1E9-D1CD75744867}.Debug|Any CPU.ActiveCfg = Debug|Any CPU
		{F2F96FBB-08CD-443E-B1E9-D1CD75744867}.Debug|Any CPU.Build.0 = Debug|Any CPU
		{F2F96FBB-08CD-443E-B1E9-D1CD75744867}.Release|Any CPU.ActiveCfg = Release|Any CPU
		{F2F96FBB-08CD-443E-B1E9-D1CD75744867}.Release|Any CPU.Build.0 = Release|Any CPU
		{B2613A65-D976-45DD-95C1-6D90CDBAE01A}.Debug|Any CPU.ActiveCfg = Debug|Any CPU
		{B2613A65-D976-45DD-95C1-6D90CDBAE01A}.Debug|Any CPU.Build.0 = Debug|Any CPU
		{B2613A65-D976-45DD-95C1-6D90CDBAE01A}.Release|Any CPU.ActiveCfg = Release|Any CPU
		{B2613A65-D976-45DD-95C1-6D90CDBAE01A}.Release|Any CPU.Build.0 = Release|Any CPU
	EndGlobalSection
	GlobalSection(SolutionProperties) = preSolution
		HideSolutionNode = FALSE
	EndGlobalSection
EndGlobal
